
Microsoft Visual Studio Solution File, Format Version 12.00
# Visual Studio Version 17
VisualStudioVersion = 17.11.35327.3
MinimumVisualStudioVersion = 10.0.40219.1
Project("{FAE04EC0-301F-11D3-BF4B-00C04F79EFBC}") = "Sistema.De.Notas", "Sistema.De.Notas\Sistema.De.Notas.csproj", "{3EAAE80B-6A66-433B-8BE3-0863F82CE93D}"
EndProject
Global
	GlobalSection(SolutionConfigurationPlatforms) = preSolution
		Debug|Any CPU = Debug|Any CPU
		Release|Any CPU = Release|Any CPU
	EndGlobalSection
	GlobalSection(ProjectConfigurationPlatforms) = postSolution
		{3EAAE80B-6A66-433B-8BE3-0863F82CE93D}.Debug|Any CPU.ActiveCfg = Debug|Any CPU
		{3EAAE80B-6A66-433B-8BE3-0863F82CE93D}.Debug|Any CPU.Build.0 = Debug|Any CPU
		{3EAAE80B-6A66-433B-8BE3-0863F82CE93D}.Release|Any CPU.ActiveCfg = Release|Any CPU
		{3EAAE80B-6A66-433B-8BE3-0863F82CE93D}.Release|Any CPU.Build.0 = Release|Any CPU
	EndGlobalSection
	GlobalSection(SolutionProperties) = preSolution
		HideSolutionNode = FALSE
	EndGlobalSection
	GlobalSection(ExtensibilityGlobals) = postSolution
		SolutionGuid = {79D1C17B-AFC2-4345-87CE-0E7669FE82EE}
	EndGlobalSection
EndGlobal
